
Microsoft Visual Studio Solution File, Format Version 12.00
# Visual Studio Version 17
VisualStudioVersion = 17.10.34928.147
MinimumVisualStudioVersion = 10.0.40219.1
Project("{FAE04EC0-301F-11D3-BF4B-00C04F79EFBC}") = "01_MainSubjects", "01_MainSubjects\01_MainSubjects.csproj", "{CC618A3C-AC91-4400-B6F4-CD700B5E4870}"
EndProject
Project("{FAE04EC0-301F-11D3-BF4B-00C04F79EFBC}") = "02_Variables", "02_Variables\02_Variables.csproj", "{5F8762D2-351B-44F0-844A-95FAC22E27C2}"
EndProject
Project("{FAE04EC0-301F-11D3-BF4B-00C04F79EFBC}") = "03_MakingDecision", "03_MakingDecision\03_MakingDecision.csproj", "{A4F8D1B4-4C0D-493F-AD6C-33A92D85C53B}"
EndProject
Project("{FAE04EC0-301F-11D3-BF4B-00C04F79EFBC}") = "04_loops", "04_loops\04_loops.csproj", "{6261F2C3-FA37-42A9-800F-BA0E137700E0}"
EndProject
Project("{FAE04EC0-301F-11D3-BF4B-00C04F79EFBC}") = "05_LoopsWithStarts", "05_LoopsWithStarts\05_LoopsWithStarts.csproj", "{E3F36B38-E952-460C-9CD2-7579D76D760F}"
EndProject
Project("{FAE04EC0-301F-11D3-BF4B-00C04F79EFBC}") = "06_Arrays", "06_Arrays\06_Arrays.csproj", "{E533D20B-459F-4DA9-A927-40A5913D072D}"
EndProject
Global
	GlobalSection(SolutionConfigurationPlatforms) = preSolution
		Debug|Any CPU = Debug|Any CPU
		Release|Any CPU = Release|Any CPU
	EndGlobalSection
	GlobalSection(ProjectConfigurationPlatforms) = postSolution
		{CC618A3C-AC91-4400-B6F4-CD700B5E4870}.Debug|Any CPU.ActiveCfg = Debug|Any CPU
		{CC618A3C-AC91-4400-B6F4-CD700B5E4870}.Debug|Any CPU.Build.0 = Debug|Any CPU
		{CC618A3C-AC91-4400-B6F4-CD700B5E4870}.Release|Any CPU.ActiveCfg = Release|Any CPU
		{CC618A3C-AC91-4400-B6F4-CD700B5E4870}.Release|Any CPU.Build.0 = Release|Any CPU
		{5F8762D2-351B-44F0-844A-95FAC22E27C2}.Debug|Any CPU.ActiveCfg = Debug|Any CPU
		{5F8762D2-351B-44F0-844A-95FAC22E27C2}.Debug|Any CPU.Build.0 = Debug|Any CPU
		{5F8762D2-351B-44F0-844A-95FAC22E27C2}.Release|Any CPU.ActiveCfg = Release|Any CPU
		{5F8762D2-351B-44F0-844A-95FAC22E27C2}.Release|Any CPU.Build.0 = Release|Any CPU
		{A4F8D1B4-4C0D-493F-AD6C-33A92D85C53B}.Debug|Any CPU.ActiveCfg = Debug|Any CPU
		{A4F8D1B4-4C0D-493F-AD6C-33A92D85C53B}.Debug|Any CPU.Build.0 = Debug|Any CPU
		{A4F8D1B4-4C0D-493F-AD6C-33A92D85C53B}.Release|Any CPU.ActiveCfg = Release|Any CPU
		{A4F8D1B4-4C0D-493F-AD6C-33A92D85C53B}.Release|Any CPU.Build.0 = Release|Any CPU
		{6261F2C3-FA37-42A9-800F-BA0E137700E0}.Debug|Any CPU.ActiveCfg = Debug|Any CPU
		{6261F2C3-FA37-42A9-800F-BA0E137700E0}.Debug|Any CPU.Build.0 = Debug|Any CPU
		{6261F2C3-FA37-42A9-800F-BA0E137700E0}.Release|Any CPU.ActiveCfg = Release|Any CPU
		{6261F2C3-FA37-42A9-800F-BA0E137700E0}.Release|Any CPU.Build.0 = Release|Any CPU
		{E3F36B38-E952-460C-9CD2-7579D76D760F}.Debug|Any CPU.ActiveCfg = Debug|Any CPU
		{E3F36B38-E952-460C-9CD2-7579D76D760F}.Debug|Any CPU.Build.0 = Debug|Any CPU
		{E3F36B38-E952-460C-9CD2-7579D76D760F}.Release|Any CPU.ActiveCfg = Release|Any CPU
		{E3F36B38-E952-460C-9CD2-7579D76D760F}.Release|Any CPU.Build.0 = Release|Any CPU
		{E533D20B-459F-4DA9-A927-40A5913D072D}.Debug|Any CPU.ActiveCfg = Debug|Any CPU
		{E533D20B-459F-4DA9-A927-40A5913D072D}.Debug|Any CPU.Build.0 = Debug|Any CPU
		{E533D20B-459F-4DA9-A927-40A5913D072D}.Release|Any CPU.ActiveCfg = Release|Any CPU
		{E533D20B-459F-4DA9-A927-40A5913D072D}.Release|Any CPU.Build.0 = Release|Any CPU
	EndGlobalSection
	GlobalSection(SolutionProperties) = preSolution
		HideSolutionNode = FALSE
	EndGlobalSection
	GlobalSection(ExtensibilityGlobals) = postSolution
		SolutionGuid = {22027D8C-10D8-489E-A248-F832755F9A46}
	EndGlobalSection
EndGlobal
